
Microsoft Visual Studio Solution File, Format Version 12.00
# Visual Studio Version 17
VisualStudioVersion = 17.2.32526.322
MinimumVisualStudioVersion = 10.0.40219.1
Project("{9A19103F-16F7-4668-BE54-9A1E7A4F7556}") = "OpenVR-Autostarter", "OpenVR-Autostarter\OpenVR-Autostarter.csproj", "{0D7FAD9E-F9E5-47FA-A108-50E0EBC8677F}"
EndProject
Global
	GlobalSection(SolutionConfigurationPlatforms) = preSolution
		Debug|Any CPU = Debug|Any CPU
		Release|Any CPU = Release|Any CPU
	EndGlobalSection
	GlobalSection(ProjectConfigurationPlatforms) = postSolution
		{0D7FAD9E-F9E5-47FA-A108-50E0EBC8677F}.Debug|Any CPU.ActiveCfg = Debug|Any CPU
		{0D7FAD9E-F9E5-47FA-A108-50E0EBC8677F}.Debug|Any CPU.Build.0 = Debug|Any CPU
		{0D7FAD9E-F9E5-47FA-A108-50E0EBC8677F}.Release|Any CPU.ActiveCfg = Release|Any CPU
		{0D7FAD9E-F9E5-47FA-A108-50E0EBC8677F}.Release|Any CPU.Build.0 = Release|Any CPU
	EndGlobalSection
	GlobalSection(SolutionProperties) = preSolution
		HideSolutionNode = FALSE
	EndGlobalSection
	GlobalSection(ExtensibilityGlobals) = postSolution
		SolutionGuid = {49CF2250-40ED-4754-A2AF-BAA9FBD8970A}
	EndGlobalSection
EndGlobal
